{
  "requires": true,
  "lockfileVersion": 1,
  "dependencies": {
    "react-form-hooks": {
      "version": "1.1.5",
      "resolved": "https://registry.npmjs.org/react-form-hooks/-/react-form-hooks-1.1.5.tgz",
      "integrity": "sha512-gw+1NYHmQmb96BEy2IYfcv7Y2THh6WkafYObQtu/NA/dVkgSVN48wWyHH0klNPP1SaFGyKn8tkyp5n8m/QJaBA=="
    }
  }
}
